// !$*UTF8*$!
{
	archiveVersion = 1;
	classes = {
	};
	objectVersion = 50;
	objects = {

/* Begin PBXBuildFile section */
		4B32DE7924D247020099B602 /* AppDelegate.swift in Sources */ = {isa = PBXBuildFile; fileRef = 4B32DE7824D247020099B602 /* AppDelegate.swift */; };
		4B32DE7B24D247020099B602 /* ContentView.swift in Sources */ = {isa = PBXBuildFile; fileRef = 4B32DE7A24D247020099B602 /* ContentView.swift */; };
		4B32DE7E24D247020099B602 /* Razer.xcdatamodeld in Sources */ = {isa = PBXBuildFile; fileRef = 4B32DE7C24D247020099B602 /* Razer.xcdatamodeld */; };
		4B32DE8024D247050099B602 /* Assets.xcassets in Resources */ = {isa = PBXBuildFile; fileRef = 4B32DE7F24D247050099B602 /* Assets.xcassets */; };
		4B32DE8324D247050099B602 /* Preview Assets.xcassets in Resources */ = {isa = PBXBuildFile; fileRef = 4B32DE8224D247050099B602 /* Preview Assets.xcassets */; };
		4B32DE8624D247050099B602 /* Main.storyboard in Resources */ = {isa = PBXBuildFile; fileRef = 4B32DE8424D247050099B602 /* Main.storyboard */; };
		4B32DE9224D247050099B602 /* RazerTests.swift in Sources */ = {isa = PBXBuildFile; fileRef = 4B32DE9124D247050099B602 /* RazerTests.swift */; };
		4B32DE9D24D247050099B602 /* RazerUITests.swift in Sources */ = {isa = PBXBuildFile; fileRef = 4B32DE9C24D247050099B602 /* RazerUITests.swift */; };
/* End PBXBuildFile section */

/* Begin PBXContainerItemProxy section */
		4B32DE8E24D247050099B602 /* PBXContainerItemProxy */ = {
			isa = PBXContainerItemProxy;
			containerPortal = 4B32DE6D24D247020099B602 /* Project object */;
			proxyType = 1;
			remoteGlobalIDString = 4B32DE7424D247020099B602;
			remoteInfo = Razer;
		};
		4B32DE9924D247050099B602 /* PBXContainerItemProxy */ = {
			isa = PBXContainerItemProxy;
			containerPortal = 4B32DE6D24D247020099B602 /* Project object */;
			proxyType = 1;
			remoteGlobalIDString = 4B32DE7424D247020099B602;
			remoteInfo = Razer;
		};
/* End PBXContainerItemProxy section */

/* Begin PBXFileReference section */
		4B32DE7524D247020099B602 /* Razer.app */ = {isa = PBXFileReference; explicitFileType = wrapper.application; includeInIndex = 0; path = Razer.app; sourceTree = BUILT_PRODUCTS_DIR; };
		4B32DE7824D247020099B602 /* AppDelegate.swift */ = {isa = PBXFileReference; lastKnownFileType = sourcecode.swift; path = AppDelegate.swift; sourceTree = "<group>"; };
		4B32DE7A24D247020099B602 /* ContentView.swift */ = {isa = PBXFileReference; lastKnownFileType = sourcecode.swift; path = ContentView.swift; sourceTree = "<group>"; };
		4B32DE7D24D247020099B602 /* Razer.xcdatamodel */ = {isa = PBXFileReference; lastKnownFileType = wrapper.xcdatamodel; path = Razer.xcdatamodel; sourceTree = "<group>"; };
		4B32DE7F24D247050099B602 /* Assets.xcassets */ = {isa = PBXFileReference; lastKnownFileType = folder.assetcatalog; path = Assets.xcassets; sourceTree = "<group>"; };
		4B32DE8224D247050099B602 /* Preview Assets.xcassets */ = {isa = PBXFileReference; lastKnownFileType = folder.assetcatalog; path = "Preview Assets.xcassets"; sourceTree = "<group>"; };
		4B32DE8524D247050099B602 /* Base */ = {isa = PBXFileReference; lastKnownFileType = file.storyboard; name = Base; path = Base.lproj/Main.storyboard; sourceTree = "<group>"; };
		4B32DE8724D247050099B602 /* Info.plist */ = {isa = PBXFileReference; lastKnownFileType = text.plist.xml; path = Info.plist; sourceTree = "<group>"; };
		4B32DE8824D247050099B602 /* Razer.entitlements */ = {isa = PBXFileReference; lastKnownFileType = text.plist.entitlements; path = Razer.entitlements; sourceTree = "<group>"; };
		4B32DE8D24D247050099B602 /* RazerTests.xctest */ = {isa = PBXFileReference; explicitFileType = wrapper.cfbundle; includeInIndex = 0; path = RazerTests.xctest; sourceTree = BUILT_PRODUCTS_DIR; };
		4B32DE9124D247050099B602 /* RazerTests.swift */ = {isa = PBXFileReference; lastKnownFileType = sourcecode.swift; path = RazerTests.swift; sourceTree = "<group>"; };
		4B32DE9324D247050099B602 /* Info.plist */ = {isa = PBXFileReference; lastKnownFileType = text.plist.xml; path = Info.plist; sourceTree = "<group>"; };
		4B32DE9824D247050099B602 /* RazerUITests.xctest */ = {isa = PBXFileReference; explicitFileType = wrapper.cfbundle; includeInIndex = 0; path = RazerUITests.xctest; sourceTree = BUILT_PRODUCTS_DIR; };
		4B32DE9C24D247050099B602 /* RazerUITests.swift */ = {isa = PBXFileReference; lastKnownFileType = sourcecode.swift; path = RazerUITests.swift; sourceTree = "<group>"; };
		4B32DE9E24D247050099B602 /* Info.plist */ = {isa = PBXFileReference; lastKnownFileType = text.plist.xml; path = Info.plist; sourceTree = "<group>"; };
/* End PBXFileReference section */

/* Begin PBXFrameworksBuildPhase section */
		4B32DE7224D247020099B602 /* Frameworks */ = {
			isa = PBXFrameworksBuildPhase;
			buildActionMask = 2147483647;
			files = (
			);
			runOnlyForDeploymentPostprocessing = 0;
		};
		4B32DE8A24D247050099B602 /* Frameworks */ = {
			isa = PBXFrameworksBuildPhase;
			buildActionMask = 2147483647;
			files = (
			);
			runOnlyForDeploymentPostprocessing = 0;
		};
		4B32DE9524D247050099B602 /* Frameworks */ = {
			isa = PBXFrameworksBuildPhase;
			buildActionMask = 2147483647;
			files = (
			);
			runOnlyForDeploymentPostprocessing = 0;
		};
/* End PBXFrameworksBuildPhase section */

/* Begin PBXGroup section */
		4B32DE6C24D247020099B602 = {
			isa = PBXGroup;
			children = (
				4B32DE7724D247020099B602 /* Razer */,
				4B32DE9024D247050099B602 /* RazerTests */,
				4B32DE9B24D247050099B602 /* RazerUITests */,
				4B32DE7624D247020099B602 /* Products */,
			);
			sourceTree = "<group>";
		};
		4B32DE7624D247020099B602 /* Products */ = {
			isa = PBXGroup;
			children = (
				4B32DE7524D247020099B602 /* Razer.app */,
				4B32DE8D24D247050099B602 /* RazerTests.xctest */,
				4B32DE9824D247050099B602 /* RazerUITests.xctest */,
			);
			name = Products;
			sourceTree = "<group>";
		};
		4B32DE7724D247020099B602 /* Razer */ = {
			isa = PBXGroup;
			children = (
				4B32DE7824D247020099B602 /* AppDelegate.swift */,
				4B32DE7A24D247020099B602 /* ContentView.swift */,
				4B32DE7F24D247050099B602 /* Assets.xcassets */,
				4B32DE8424D247050099B602 /* Main.storyboard */,
				4B32DE8724D247050099B602 /* Info.plist */,
				4B32DE8824D247050099B602 /* Razer.entitlements */,
				4B32DE7C24D247020099B602 /* Razer.xcdatamodeld */,
				4B32DE8124D247050099B602 /* Preview Content */,
			);
			path = Razer;
			sourceTree = "<group>";
		};
		4B32DE8124D247050099B602 /* Preview Content */ = {
			isa = PBXGroup;
			children = (
				4B32DE8224D247050099B602 /* Preview Assets.xcassets */,
			);
			path = "Preview Content";
			sourceTree = "<group>";
		};
		4B32DE9024D247050099B602 /* RazerTests */ = {
			isa = PBXGroup;
			children = (
				4B32DE9124D247050099B602 /* RazerTests.swift */,
				4B32DE9324D247050099B602 /* Info.plist */,
			);
			path = RazerTests;
			sourceTree = "<group>";
		};
		4B32DE9B24D247050099B602 /* RazerUITests */ = {
			isa = PBXGroup;
			children = (
				4B32DE9C24D247050099B602 /* RazerUITests.swift */,
				4B32DE9E24D247050099B602 /* Info.plist */,
			);
			path = RazerUITests;
			sourceTree = "<group>";
		};
/* End PBXGroup section */

/* Begin PBXNativeTarget section */
		4B32DE7424D247020099B602 /* Razer */ = {
			isa = PBXNativeTarget;
			buildConfigurationList = 4B32DEA124D247050099B602 /* Build configuration list for PBXNativeTarget "Razer" */;
			buildPhases = (
				4B32DE7124D247020099B602 /* Sources */,
				4B32DE7224D247020099B602 /* Frameworks */,
				4B32DE7324D247020099B602 /* Resources */,
			);
			buildRules = (
			);
			dependencies = (
			);
			name = Razer;
			productName = Razer;
			productReference = 4B32DE7524D247020099B602 /* Razer.app */;
			productType = "com.apple.product-type.application";
		};
		4B32DE8C24D247050099B602 /* RazerTests */ = {
			isa = PBXNativeTarget;
			buildConfigurationList = 4B32DEA424D247050099B602 /* Build configuration list for PBXNativeTarget "RazerTests" */;
			buildPhases = (
				4B32DE8924D247050099B602 /* Sources */,
				4B32DE8A24D247050099B602 /* Frameworks */,
				4B32DE8B24D247050099B602 /* Resources */,
			);
			buildRules = (
			);
			dependencies = (
				4B32DE8F24D247050099B602 /* PBXTargetDependency */,
			);
			name = RazerTests;
			productName = RazerTests;
			productReference = 4B32DE8D24D247050099B602 /* RazerTests.xctest */;
			productType = "com.apple.product-type.bundle.unit-test";
		};
		4B32DE9724D247050099B602 /* RazerUITests */ = {
			isa = PBXNativeTarget;
			buildConfigurationList = 4B32DEA724D247050099B602 /* Build configuration list for PBXNativeTarget "RazerUITests" */;
			buildPhases = (
				4B32DE9424D247050099B602 /* Sources */,
				4B32DE9524D247050099B602 /* Frameworks */,
				4B32DE9624D247050099B602 /* Resources */,
			);
			buildRules = (
			);
			dependencies = (
				4B32DE9A24D247050099B602 /* PBXTargetDependency */,
			);
			name = RazerUITests;
			productName = RazerUITests;
			productReference = 4B32DE9824D247050099B602 /* RazerUITests.xctest */;
			productType = "com.apple.product-type.bundle.ui-testing";
		};
/* End PBXNativeTarget section */

/* Begin PBXProject section */
		4B32DE6D24D247020099B602 /* Project object */ = {
			isa = PBXProject;
			attributes = {
				LastSwiftUpdateCheck = 1160;
				LastUpgradeCheck = 1160;
				ORGANIZATIONNAME = Anaideia;
				TargetAttributes = {
					4B32DE7424D247020099B602 = {
						CreatedOnToolsVersion = 11.6;
					};
					4B32DE8C24D247050099B602 = {
						CreatedOnToolsVersion = 11.6;
						TestTargetID = 4B32DE7424D247020099B602;
					};
					4B32DE9724D247050099B602 = {
						CreatedOnToolsVersion = 11.6;
						TestTargetID = 4B32DE7424D247020099B602;
					};
				};
			};
			buildConfigurationList = 4B32DE7024D247020099B602 /* Build configuration list for PBXProject "Razer" */;
			compatibilityVersion = "Xcode 9.3";
			developmentRegion = en;
			hasScannedForEncodings = 0;
			knownRegions = (
				en,
				Base,
			);
			mainGroup = 4B32DE6C24D247020099B602;
			productRefGroup = 4B32DE7624D247020099B602 /* Products */;
			projectDirPath = "";
			projectRoot = "";
			targets = (
				4B32DE7424D247020099B602 /* Razer */,
				4B32DE8C24D247050099B602 /* RazerTests */,
				4B32DE9724D247050099B602 /* RazerUITests */,
			);
		};
/* End PBXProject section */

/* Begin PBXResourcesBuildPhase section */
		4B32DE7324D247020099B602 /* Resources */ = {
			isa = PBXResourcesBuildPhase;
			buildActionMask = 2147483647;
			files = (
				4B32DE8624D247050099B602 /* Main.storyboard in Resources */,
				4B32DE8324D247050099B602 /* Preview Assets.xcassets in Resources */,
				4B32DE8024D247050099B602 /* Assets.xcassets in Resources */,
			);
			runOnlyForDeploymentPostprocessing = 0;
		};
		4B32DE8B24D247050099B602 /* Resources */ = {
			isa = PBXResourcesBuildPhase;
			buildActionMask = 2147483647;
			files = (
			);
			runOnlyForDeploymentPostprocessing = 0;
		};
		4B32DE9624D247050099B602 /* Resources */ = {
			isa = PBXResourcesBuildPhase;
			buildActionMask = 2147483647;
			files = (
			);
			runOnlyForDeploymentPostprocessing = 0;
		};
/* End PBXResourcesBuildPhase section */

/* Begin PBXSourcesBuildPhase section */
		4B32DE7124D247020099B602 /* Sources */ = {
			isa = PBXSourcesBuildPhase;
			buildActionMask = 2147483647;
			files = (
				4B32DE7E24D247020099B602 /* Razer.xcdatamodeld in Sources */,
				4B32DE7B24D247020099B602 /* ContentView.swift in Sources */,
				4B32DE7924D247020099B602 /* AppDelegate.swift in Sources */,
			);
			runOnlyForDeploymentPostprocessing = 0;
		};
		4B32DE8924D247050099B602 /* Sources */ = {
			isa = PBXSourcesBuildPhase;
			buildActionMask = 2147483647;
			files = (
				4B32DE9224D247050099B602 /* RazerTests.swift in Sources */,
			);
			runOnlyForDeploymentPostprocessing = 0;
		};
		4B32DE9424D247050099B602 /* Sources */ = {
			isa = PBXSourcesBuildPhase;
			buildActionMask = 2147483647;
			files = (
				4B32DE9D24D247050099B602 /* RazerUITests.swift in Sources */,
			);
			runOnlyForDeploymentPostprocessing = 0;
		};
/* End PBXSourcesBuildPhase section */

/* Begin PBXTargetDependency section */
		4B32DE8F24D247050099B602 /* PBXTargetDependency */ = {
			isa = PBXTargetDependency;
			target = 4B32DE7424D247020099B602 /* Razer */;
			targetProxy = 4B32DE8E24D247050099B602 /* PBXContainerItemProxy */;
		};
		4B32DE9A24D247050099B602 /* PBXTargetDependency */ = {
			isa = PBXTargetDependency;
			target = 4B32DE7424D247020099B602 /* Razer */;
			targetProxy = 4B32DE9924D247050099B602 /* PBXContainerItemProxy */;
		};
/* End PBXTargetDependency section */

/* Begin PBXVariantGroup section */
		4B32DE8424D247050099B602 /* Main.storyboard */ = {
			isa = PBXVariantGroup;
			children = (
				4B32DE8524D247050099B602 /* Base */,
			);
			name = Main.storyboard;
			sourceTree = "<group>";
		};
/* End PBXVariantGroup section */

/* Begin XCBuildConfiguration section */
		4B32DE9F24D247050099B602 /* Debug */ = {
			isa = XCBuildConfiguration;
			buildSettings = {
				ALWAYS_SEARCH_USER_PATHS = NO;
				CLANG_ANALYZER_NONNULL = YES;
				CLANG_ANALYZER_NUMBER_OBJECT_CONVERSION = YES_AGGRESSIVE;
				CLANG_CXX_LANGUAGE_STANDARD = "gnu++14";
				CLANG_CXX_LIBRARY = "libc++";
				CLANG_ENABLE_MODULES = YES;
				CLANG_ENABLE_OBJC_ARC = YES;
				CLANG_ENABLE_OBJC_WEAK = YES;
				CLANG_WARN_BLOCK_CAPTURE_AUTORELEASING = YES;
				CLANG_WARN_BOOL_CONVERSION = YES;
				CLANG_WARN_COMMA = YES;
				CLANG_WARN_CONSTANT_CONVERSION = YES;
				CLANG_WARN_DEPRECATED_OBJC_IMPLEMENTATIONS = YES;
				CLANG_WARN_DIRECT_OBJC_ISA_USAGE = YES_ERROR;
				CLANG_WARN_DOCUMENTATION_COMMENTS = YES;
				CLANG_WARN_EMPTY_BODY = YES;
				CLANG_WARN_ENUM_CONVERSION = YES;
				CLANG_WARN_INFINITE_RECURSION = YES;
				CLANG_WARN_INT_CONVERSION = YES;
				CLANG_WARN_NON_LITERAL_NULL_CONVERSION = YES;
				CLANG_WARN_OBJC_IMPLICIT_RETAIN_SELF = YES;
				CLANG_WARN_OBJC_LITERAL_CONVERSION = YES;
				CLANG_WARN_OBJC_ROOT_CLASS = YES_ERROR;
				CLANG_WARN_RANGE_LOOP_ANALYSIS = YES;
				CLANG_WARN_STRICT_PROTOTYPES = YES;
				CLANG_WARN_SUSPICIOUS_MOVE = YES;
				CLANG_WARN_UNGUARDED_AVAILABILITY = YES_AGGRESSIVE;
				CLANG_WARN_UNREACHABLE_CODE = YES;
				CLANG_WARN__DUPLICATE_METHOD_MATCH = YES;
				COPY_PHASE_STRIP = NO;
				DEBUG_INFORMATION_FORMAT = dwarf;
				ENABLE_STRICT_OBJC_MSGSEND = YES;
				ENABLE_TESTABILITY = YES;
				GCC_C_LANGUAGE_STANDARD = gnu11;
				GCC_DYNAMIC_NO_PIC = NO;
				GCC_NO_COMMON_BLOCKS = YES;
				GCC_OPTIMIZATION_LEVEL = 0;
				GCC_PREPROCESSOR_DEFINITIONS = (
					"DEBUG=1",
					"$(inherited)",
				);
				GCC_WARN_64_TO_32_BIT_CONVERSION = YES;
				GCC_WARN_ABOUT_RETURN_TYPE = YES_ERROR;
				GCC_WARN_UNDECLARED_SELECTOR = YES;
				GCC_WARN_UNINITIALIZED_AUTOS = YES_AGGRESSIVE;
				GCC_WARN_UNUSED_FUNCTION = YES;
				GCC_WARN_UNUSED_VARIABLE = YES;
				MACOSX_DEPLOYMENT_TARGET = 10.16;
				MTL_ENABLE_DEBUG_INFO = INCLUDE_SOURCE;
				MTL_FAST_MATH = YES;
				ONLY_ACTIVE_ARCH = YES;
				SDKROOT = macosx;
				SWIFT_ACTIVE_COMPILATION_CONDITIONS = DEBUG;
				SWIFT_OPTIMIZATION_LEVEL = "-Onone";
			};
			name = Debug;
		};
		4B32DEA024D247050099B602 /* Release */ = {
			isa = XCBuildConfiguration;
			buildSettings = {
				ALWAYS_SEARCH_USER_PATHS = NO;
				CLANG_ANALYZER_NONNULL = YES;
				CLANG_ANALYZER_NUMBER_OBJECT_CONVERSION = YES_AGGRESSIVE;
				CLANG_CXX_LANGUAGE_STANDARD = "gnu++14";
				CLANG_CXX_LIBRARY = "libc++";
				CLANG_ENABLE_MODULES = YES;
				CLANG_ENABLE_OBJC_ARC = YES;
				CLANG_ENABLE_OBJC_WEAK = YES;
				CLANG_WARN_BLOCK_CAPTURE_AUTORELEASING = YES;
				CLANG_WARN_BOOL_CONVERSION = YES;
				CLANG_WARN_COMMA = YES;
				CLANG_WARN_CONSTANT_CONVERSION = YES;
				CLANG_WARN_DEPRECATED_OBJC_IMPLEMENTATIONS = YES;
				CLANG_WARN_DIRECT_OBJC_ISA_USAGE = YES_ERROR;
				CLANG_WARN_DOCUMENTATION_COMMENTS = YES;
				CLANG_WARN_EMPTY_BODY = YES;
				CLANG_WARN_ENUM_CONVERSION = YES;
				CLANG_WARN_INFINITE_RECURSION = YES;
				CLANG_WARN_INT_CONVERSION = YES;
				CLANG_WARN_NON_LITERAL_NULL_CONVERSION = YES;
				CLANG_WARN_OBJC_IMPLICIT_RETAIN_SELF = YES;
				CLANG_WARN_OBJC_LITERAL_CONVERSION = YES;
				CLANG_WARN_OBJC_ROOT_CLASS = YES_ERROR;
				CLANG_WARN_RANGE_LOOP_ANALYSIS = YES;
				CLANG_WARN_STRICT_PROTOTYPES = YES;
				CLANG_WARN_SUSPICIOUS_MOVE = YES;
				CLANG_WARN_UNGUARDED_AVAILABILITY = YES_AGGRESSIVE;
				CLANG_WARN_UNREACHABLE_CODE = YES;
				CLANG_WARN__DUPLICATE_METHOD_MATCH = YES;
				COPY_PHASE_STRIP = NO;
				DEBUG_INFORMATION_FORMAT = "dwarf-with-dsym";
				ENABLE_NS_ASSERTIONS = NO;
				ENABLE_STRICT_OBJC_MSGSEND = YES;
				GCC_C_LANGUAGE_STANDARD = gnu11;
				GCC_NO_COMMON_BLOCKS = YES;
				GCC_WARN_64_TO_32_BIT_CONVERSION = YES;
				GCC_WARN_ABOUT_RETURN_TYPE = YES_ERROR;
				GCC_WARN_UNDECLARED_SELECTOR = YES;
				GCC_WARN_UNINITIALIZED_AUTOS = YES_AGGRESSIVE;
				GCC_WARN_UNUSED_FUNCTION = YES;
				GCC_WARN_UNUSED_VARIABLE = YES;
				MACOSX_DEPLOYMENT_TARGET = 10.16;
				MTL_ENABLE_DEBUG_INFO = NO;
				MTL_FAST_MATH = YES;
				SDKROOT = macosx;
				SWIFT_COMPILATION_MODE = wholemodule;
				SWIFT_OPTIMIZATION_LEVEL = "-O";
			};
			name = Release;
		};
		4B32DEA224D247050099B602 /* Debug */ = {
			isa = XCBuildConfiguration;
			buildSettings = {
				ASSETCATALOG_COMPILER_APPICON_NAME = AppIcon;
				CODE_SIGN_ENTITLEMENTS = Razer/Razer.entitlements;
				CODE_SIGN_STYLE = Automatic;
				COMBINE_HIDPI_IMAGES = YES;
				DEVELOPMENT_ASSET_PATHS = "\"Razer/Preview Content\"";
				DEVELOPMENT_TEAM = Y586ZHDBKB;
				ENABLE_HARDENED_RUNTIME = YES;
				ENABLE_PREVIEWS = YES;
				INFOPLIST_FILE = Razer/Info.plist;
				LD_RUNPATH_SEARCH_PATHS = (
					"$(inherited)",
					"@executable_path/../Frameworks",
				);
				MACOSX_DEPLOYMENT_TARGET = 10.15;
				PRODUCT_BUNDLE_IDENTIFIER = dev.Anaideia.Razer;
				PRODUCT_NAME = "$(TARGET_NAME)";
				SWIFT_VERSION = 5.0;
			};
			name = Debug;
		};
		4B32DEA324D247050099B602 /* Release */ = {
			isa = XCBuildConfiguration;
			buildSettings = {
				ASSETCATALOG_COMPILER_APPICON_NAME = AppIcon;
				CODE_SIGN_ENTITLEMENTS = Razer/Razer.entitlements;
				CODE_SIGN_STYLE = Automatic;
				COMBINE_HIDPI_IMAGES = YES;
				DEVELOPMENT_ASSET_PATHS = "\"Razer/Preview Content\"";
				DEVELOPMENT_TEAM = Y586ZHDBKB;
				ENABLE_HARDENED_RUNTIME = YES;
				ENABLE_PREVIEWS = YES;
				INFOPLIST_FILE = Razer/Info.plist;
				LD_RUNPATH_SEARCH_PATHS = (
					"$(inherited)",
					"@executable_path/../Frameworks",
				);
				MACOSX_DEPLOYMENT_TARGET = 10.15;
				PRODUCT_BUNDLE_IDENTIFIER = dev.Anaideia.Razer;
				PRODUCT_NAME = "$(TARGET_NAME)";
				SWIFT_VERSION = 5.0;
			};
			name = Release;
		};
		4B32DEA524D247050099B602 /* Debug */ = {
			isa = XCBuildConfiguration;
			buildSettings = {
				ALWAYS_EMBED_SWIFT_STANDARD_LIBRARIES = YES;
				BUNDLE_LOADER = "$(TEST_HOST)";
				CODE_SIGN_STYLE = Automatic;
				COMBINE_HIDPI_IMAGES = YES;
				DEVELOPMENT_TEAM = Y586ZHDBKB;
				INFOPLIST_FILE = RazerTests/Info.plist;
				LD_RUNPATH_SEARCH_PATHS = (
					"$(inherited)",
					"@executable_path/../Frameworks",
					"@loader_path/../Frameworks",
				);
				MACOSX_DEPLOYMENT_TARGET = 10.15;
				PRODUCT_BUNDLE_IDENTIFIER = dev.Anaideia.RazerTests;
				PRODUCT_NAME = "$(TARGET_NAME)";
				SWIFT_VERSION = 5.0;
				TEST_HOST = "$(BUILT_PRODUCTS_DIR)/Razer.app/Contents/MacOS/Razer";
			};
			name = Debug;
		};
		4B32DEA624D247050099B602 /* Release */ = {
			isa = XCBuildConfiguration;
			buildSettings = {
				ALWAYS_EMBED_SWIFT_STANDARD_LIBRARIES = YES;
				BUNDLE_LOADER = "$(TEST_HOST)";
				CODE_SIGN_STYLE = Automatic;
				COMBINE_HIDPI_IMAGES = YES;
				DEVELOPMENT_TEAM = Y586ZHDBKB;
				INFOPLIST_FILE = RazerTests/Info.plist;
				LD_RUNPATH_SEARCH_PATHS = (
					"$(inherited)",
					"@executable_path/../Frameworks",
					"@loader_path/../Frameworks",
				);
				MACOSX_DEPLOYMENT_TARGET = 10.15;
				PRODUCT_BUNDLE_IDENTIFIER = dev.Anaideia.RazerTests;
				PRODUCT_NAME = "$(TARGET_NAME)";
				SWIFT_VERSION = 5.0;
				TEST_HOST = "$(BUILT_PRODUCTS_DIR)/Razer.app/Contents/MacOS/Razer";
			};
			name = Release;
		};
		4B32DEA824D247050099B602 /* Debug */ = {
			isa = XCBuildConfiguration;
			buildSettings = {
				ALWAYS_EMBED_SWIFT_STANDARD_LIBRARIES = YES;
				CODE_SIGN_STYLE = Automatic;
				COMBINE_HIDPI_IMAGES = YES;
				DEVELOPMENT_TEAM = Y586ZHDBKB;
				INFOPLIST_FILE = RazerUITests/Info.plist;
				LD_RUNPATH_SEARCH_PATHS = (
					"$(inherited)",
					"@executable_path/../Frameworks",
					"@loader_path/../Frameworks",
				);
				PRODUCT_BUNDLE_IDENTIFIER = dev.Anaideia.RazerUITests;
				PRODUCT_NAME = "$(TARGET_NAME)";
				SWIFT_VERSION = 5.0;
				TEST_TARGET_NAME = Razer;
			};
			name = Debug;
		};
		4B32DEA924D247050099B602 /* Release */ = {
			isa = XCBuildConfiguration;
			buildSettings = {
				ALWAYS_EMBED_SWIFT_STANDARD_LIBRARIES = YES;
				CODE_SIGN_STYLE = Automatic;
				COMBINE_HIDPI_IMAGES = YES;
				DEVELOPMENT_TEAM = Y586ZHDBKB;
				INFOPLIST_FILE = RazerUITests/Info.plist;
				LD_RUNPATH_SEARCH_PATHS = (
					"$(inherited)",
					"@executable_path/../Frameworks",
					"@loader_path/../Frameworks",
				);
				PRODUCT_BUNDLE_IDENTIFIER = dev.Anaideia.RazerUITests;
				PRODUCT_NAME = "$(TARGET_NAME)";
				SWIFT_VERSION = 5.0;
				TEST_TARGET_NAME = Razer;
			};
			name = Release;
		};
/* End XCBuildConfiguration section */

/* Begin XCConfigurationList section */
		4B32DE7024D247020099B602 /* Build configuration list for PBXProject "Razer" */ = {
			isa = XCConfigurationList;
			buildConfigurations = (
				4B32DE9F24D247050099B602 /* Debug */,
				4B32DEA024D247050099B602 /* Release */,
			);
			defaultConfigurationIsVisible = 0;
			defaultConfigurationName = Release;
		};
		4B32DEA124D247050099B602 /* Build configuration list for PBXNativeTarget "Razer" */ = {
			isa = XCConfigurationList;
			buildConfigurations = (
				4B32DEA224D247050099B602 /* Debug */,
				4B32DEA324D247050099B602 /* Release */,
			);
			defaultConfigurationIsVisible = 0;
			defaultConfigurationName = Release;
		};
		4B32DEA424D247050099B602 /* Build configuration list for PBXNativeTarget "RazerTests" */ = {
			isa = XCConfigurationList;
			buildConfigurations = (
				4B32DEA524D247050099B602 /* Debug */,
				4B32DEA624D247050099B602 /* Release */,
			);
			defaultConfigurationIsVisible = 0;
			defaultConfigurationName = Release;
		};
		4B32DEA724D247050099B602 /* Build configuration list for PBXNativeTarget "RazerUITests" */ = {
			isa = XCConfigurationList;
			buildConfigurations = (
				4B32DEA824D247050099B602 /* Debug */,
				4B32DEA924D247050099B602 /* Release */,
			);
			defaultConfigurationIsVisible = 0;
			defaultConfigurationName = Release;
		};
/* End XCConfigurationList section */

/* Begin XCVersionGroup section */
		4B32DE7C24D247020099B602 /* Razer.xcdatamodeld */ = {
			isa = XCVersionGroup;
			children = (
				4B32DE7D24D247020099B602 /* Razer.xcdatamodel */,
			);
			currentVersion = 4B32DE7D24D247020099B602 /* Razer.xcdatamodel */;
			path = Razer.xcdatamodeld;
			sourceTree = "<group>";
			versionGroupType = wrapper.xcdatamodel;
		};
/* End XCVersionGroup section */
	};
	rootObject = 4B32DE6D24D247020099B602 /* Project object */;
}
